
Microsoft Visual Studio Solution File, Format Version 12.00
# Visual Studio 15
VisualStudioVersion = 15.0.28307.421
MinimumVisualStudioVersion = 10.0.40219.1
Project("{FAE04EC0-301F-11D3-BF4B-00C04F79EFBC}") = "Editor", "Editor\Editor.csproj", "{9BC40DBD-C568-492C-8393-465211CA7091}"
EndProject
Project("{FAE04EC0-301F-11D3-BF4B-00C04F79EFBC}") = "Contracts", "Contracts\Contracts.csproj", "{FDC0323B-C95F-4E7A-A326-4A61048325FB}"
EndProject
Project("{FAE04EC0-301F-11D3-BF4B-00C04F79EFBC}") = "Data", "Data\Data.csproj", "{7DF12CAC-86E3-4A37-A009-7067590A89BA}"
EndProject
Project("{FAE04EC0-301F-11D3-BF4B-00C04F79EFBC}") = "Models", "Models\Models.csproj", "{4A4FB1AD-955F-432B-BF88-524681B7DC36}"
EndProject
Project("{FAE04EC0-301F-11D3-BF4B-00C04F79EFBC}") = "FusApi.Contracts", "FusApi.Contracts\FusApi.Contracts.csproj", "{80D95251-1687-4BE6-88DF-F840A15D664A}"
EndProject
Project("{8BC9CEB8-8B4A-11D0-8D11-00A0C91BC942}") = "FusApi", "FusApi\FusApi.vcxproj", "{4E365DE1-28D1-40B3-9456-C127DA7E6895}"
EndProject
Global
	GlobalSection(SolutionConfigurationPlatforms) = preSolution
		Debug|Any CPU = Debug|Any CPU
		Debug|x64 = Debug|x64
		Debug|x86 = Debug|x86
		Release|Any CPU = Release|Any CPU
		Release|x64 = Release|x64
		Release|x86 = Release|x86
	EndGlobalSection
	GlobalSection(ProjectConfigurationPlatforms) = postSolution
		{9BC40DBD-C568-492C-8393-465211CA7091}.Debug|Any CPU.ActiveCfg = Debug|Any CPU
		{9BC40DBD-C568-492C-8393-465211CA7091}.Debug|Any CPU.Build.0 = Debug|Any CPU
		{9BC40DBD-C568-492C-8393-465211CA7091}.Debug|x64.ActiveCfg = Debug|Any CPU
		{9BC40DBD-C568-492C-8393-465211CA7091}.Debug|x64.Build.0 = Debug|Any CPU
		{9BC40DBD-C568-492C-8393-465211CA7091}.Debug|x86.ActiveCfg = Debug|Any CPU
		{9BC40DBD-C568-492C-8393-465211CA7091}.Debug|x86.Build.0 = Debug|Any CPU
		{9BC40DBD-C568-492C-8393-465211CA7091}.Release|Any CPU.ActiveCfg = Release|Any CPU
		{9BC40DBD-C568-492C-8393-465211CA7091}.Release|Any CPU.Build.0 = Release|Any CPU
		{9BC40DBD-C568-492C-8393-465211CA7091}.Release|x64.ActiveCfg = Release|Any CPU
		{9BC40DBD-C568-492C-8393-465211CA7091}.Release|x64.Build.0 = Release|Any CPU
		{9BC40DBD-C568-492C-8393-465211CA7091}.Release|x86.ActiveCfg = Release|Any CPU
		{9BC40DBD-C568-492C-8393-465211CA7091}.Release|x86.Build.0 = Release|Any CPU
		{FDC0323B-C95F-4E7A-A326-4A61048325FB}.Debug|Any CPU.ActiveCfg = Debug|Any CPU
		{FDC0323B-C95F-4E7A-A326-4A61048325FB}.Debug|Any CPU.Build.0 = Debug|Any CPU
		{FDC0323B-C95F-4E7A-A326-4A61048325FB}.Debug|x64.ActiveCfg = Debug|Any CPU
		{FDC0323B-C95F-4E7A-A326-4A61048325FB}.Debug|x64.Build.0 = Debug|Any CPU
		{FDC0323B-C95F-4E7A-A326-4A61048325FB}.Debug|x86.ActiveCfg = Debug|Any CPU
		{FDC0323B-C95F-4E7A-A326-4A61048325FB}.Debug|x86.Build.0 = Debug|Any CPU
		{FDC0323B-C95F-4E7A-A326-4A61048325FB}.Release|Any CPU.ActiveCfg = Release|Any CPU
		{FDC0323B-C95F-4E7A-A326-4A61048325FB}.Release|Any CPU.Build.0 = Release|Any CPU
		{FDC0323B-C95F-4E7A-A326-4A61048325FB}.Release|x64.ActiveCfg = Release|Any CPU
		{FDC0323B-C95F-4E7A-A326-4A61048325FB}.Release|x64.Build.0 = Release|Any CPU
		{FDC0323B-C95F-4E7A-A326-4A61048325FB}.Release|x86.ActiveCfg = Release|Any CPU
		{FDC0323B-C95F-4E7A-A326-4A61048325FB}.Release|x86.Build.0 = Release|Any CPU
		{7DF12CAC-86E3-4A37-A009-7067590A89BA}.Debug|Any CPU.ActiveCfg = Debug|Any CPU
		{7DF12CAC-86E3-4A37-A009-7067590A89BA}.Debug|Any CPU.Build.0 = Debug|Any CPU
		{7DF12CAC-86E3-4A37-A009-7067590A89BA}.Debug|x64.ActiveCfg = Debug|Any CPU
		{7DF12CAC-86E3-4A37-A009-7067590A89BA}.Debug|x64.Build.0 = Debug|Any CPU
		{7DF12CAC-86E3-4A37-A009-7067590A89BA}.Debug|x86.ActiveCfg = Debug|Any CPU
		{7DF12CAC-86E3-4A37-A009-7067590A89BA}.Debug|x86.Build.0 = Debug|Any CPU
		{7DF12CAC-86E3-4A37-A009-7067590A89BA}.Release|Any CPU.ActiveCfg = Release|Any CPU
		{7DF12CAC-86E3-4A37-A009-7067590A89BA}.Release|Any CPU.Build.0 = Release|Any CPU
		{7DF12CAC-86E3-4A37-A009-7067590A89BA}.Release|x64.ActiveCfg = Release|Any CPU
		{7DF12CAC-86E3-4A37-A009-7067590A89BA}.Release|x64.Build.0 = Release|Any CPU
		{7DF12CAC-86E3-4A37-A009-7067590A89BA}.Release|x86.ActiveCfg = Release|Any CPU
		{7DF12CAC-86E3-4A37-A009-7067590A89BA}.Release|x86.Build.0 = Release|Any CPU
		{4A4FB1AD-955F-432B-BF88-524681B7DC36}.Debug|Any CPU.ActiveCfg = Debug|Any CPU
		{4A4FB1AD-955F-432B-BF88-524681B7DC36}.Debug|Any CPU.Build.0 = Debug|Any CPU
		{4A4FB1AD-955F-432B-BF88-524681B7DC36}.Debug|x64.ActiveCfg = Debug|Any CPU
		{4A4FB1AD-955F-432B-BF88-524681B7DC36}.Debug|x64.Build.0 = Debug|Any CPU
		{4A4FB1AD-955F-432B-BF88-524681B7DC36}.Debug|x86.ActiveCfg = Debug|Any CPU
		{4A4FB1AD-955F-432B-BF88-524681B7DC36}.Debug|x86.Build.0 = Debug|Any CPU
		{4A4FB1AD-955F-432B-BF88-524681B7DC36}.Release|Any CPU.ActiveCfg = Release|Any CPU
		{4A4FB1AD-955F-432B-BF88-524681B7DC36}.Release|Any CPU.Build.0 = Release|Any CPU
		{4A4FB1AD-955F-432B-BF88-524681B7DC36}.Release|x64.ActiveCfg = Release|Any CPU
		{4A4FB1AD-955F-432B-BF88-524681B7DC36}.Release|x64.Build.0 = Release|Any CPU
		{4A4FB1AD-955F-432B-BF88-524681B7DC36}.Release|x86.ActiveCfg = Release|Any CPU
		{4A4FB1AD-955F-432B-BF88-524681B7DC36}.Release|x86.Build.0 = Release|Any CPU
		{80D95251-1687-4BE6-88DF-F840A15D664A}.Debug|Any CPU.ActiveCfg = Debug|Any CPU
		{80D95251-1687-4BE6-88DF-F840A15D664A}.Debug|Any CPU.Build.0 = Debug|Any CPU
		{80D95251-1687-4BE6-88DF-F840A15D664A}.Debug|x64.ActiveCfg = Debug|Any CPU
		{80D95251-1687-4BE6-88DF-F840A15D664A}.Debug|x64.Build.0 = Debug|Any CPU
		{80D95251-1687-4BE6-88DF-F840A15D664A}.Debug|x86.ActiveCfg = Debug|Any CPU
		{80D95251-1687-4BE6-88DF-F840A15D664A}.Debug|x86.Build.0 = Debug|Any CPU
		{80D95251-1687-4BE6-88DF-F840A15D664A}.Release|Any CPU.ActiveCfg = Release|Any CPU
		{80D95251-1687-4BE6-88DF-F840A15D664A}.Release|Any CPU.Build.0 = Release|Any CPU
		{80D95251-1687-4BE6-88DF-F840A15D664A}.Release|x64.ActiveCfg = Release|Any CPU
		{80D95251-1687-4BE6-88DF-F840A15D664A}.Release|x64.Build.0 = Release|Any CPU
		{80D95251-1687-4BE6-88DF-F840A15D664A}.Release|x86.ActiveCfg = Release|Any CPU
		{80D95251-1687-4BE6-88DF-F840A15D664A}.Release|x86.Build.0 = Release|Any CPU
		{4E365DE1-28D1-40B3-9456-C127DA7E6895}.Debug|Any CPU.ActiveCfg = Debug|Win32
		{4E365DE1-28D1-40B3-9456-C127DA7E6895}.Debug|x64.ActiveCfg = Debug|x64
		{4E365DE1-28D1-40B3-9456-C127DA7E6895}.Debug|x64.Build.0 = Debug|x64
		{4E365DE1-28D1-40B3-9456-C127DA7E6895}.Debug|x86.ActiveCfg = Debug|Win32
		{4E365DE1-28D1-40B3-9456-C127DA7E6895}.Debug|x86.Build.0 = Debug|Win32
		{4E365DE1-28D1-40B3-9456-C127DA7E6895}.Release|Any CPU.ActiveCfg = Release|Win32
		{4E365DE1-28D1-40B3-9456-C127DA7E6895}.Release|x64.ActiveCfg = Release|x64
		{4E365DE1-28D1-40B3-9456-C127DA7E6895}.Release|x64.Build.0 = Release|x64
		{4E365DE1-28D1-40B3-9456-C127DA7E6895}.Release|x86.ActiveCfg = Release|Win32
		{4E365DE1-28D1-40B3-9456-C127DA7E6895}.Release|x86.Build.0 = Release|Win32
	EndGlobalSection
	GlobalSection(SolutionProperties) = preSolution
		HideSolutionNode = FALSE
	EndGlobalSection
	GlobalSection(ExtensibilityGlobals) = postSolution
		SolutionGuid = {A8BB36BE-5E10-4B56-9FA6-D28FD4C505DA}
	EndGlobalSection
EndGlobal
